
Microsoft Visual Studio Solution File, Format Version 12.00
# Visual Studio 15
VisualStudioVersion = 15.0.26730.15
MinimumVisualStudioVersion = 10.0.40219.1
Project("{FAE04EC0-301F-11D3-BF4B-00C04F79EFBC}") = "TicTacToe", "TicTacToe\TicTacToe.csproj", "{F87243AA-681E-47E3-AAA2-5802CAF82D0F}"
EndProject
Global
	GlobalSection(SolutionConfigurationPlatforms) = preSolution
		Debug|Any CPU = Debug|Any CPU
		Release|Any CPU = Release|Any CPU
	EndGlobalSection
	GlobalSection(ProjectConfigurationPlatforms) = postSolution
		{F87243AA-681E-47E3-AAA2-5802CAF82D0F}.Debug|Any CPU.ActiveCfg = Debug|Any CPU
		{F87243AA-681E-47E3-AAA2-5802CAF82D0F}.Debug|Any CPU.Build.0 = Debug|Any CPU
		{F87243AA-681E-47E3-AAA2-5802CAF82D0F}.Release|Any CPU.ActiveCfg = Release|Any CPU
		{F87243AA-681E-47E3-AAA2-5802CAF82D0F}.Release|Any CPU.Build.0 = Release|Any CPU
	EndGlobalSection
	GlobalSection(SolutionProperties) = preSolution
		HideSolutionNode = FALSE
	EndGlobalSection
	GlobalSection(ExtensibilityGlobals) = postSolution
		SolutionGuid = {414485A6-7611-494C-8CC4-2D2075DC43B2}
	EndGlobalSection
EndGlobal
